
Microsoft Visual Studio Solution File, Format Version 12.00
# Visual Studio 15
VisualStudioVersion = 15.0.26730.16
MinimumVisualStudioVersion = 10.0.40219.1
Project("{FAE04EC0-301F-11D3-BF4B-00C04F79EFBC}") = "Xadrez_Console", "Xadrez_Console\Xadrez_Console.csproj", "{F530ED2B-087A-4030-8547-7F37BD155C87}"
EndProject
Global
	GlobalSection(SolutionConfigurationPlatforms) = preSolution
		Debug|Any CPU = Debug|Any CPU
		Release|Any CPU = Release|Any CPU
	EndGlobalSection
	GlobalSection(ProjectConfigurationPlatforms) = postSolution
		{F530ED2B-087A-4030-8547-7F37BD155C87}.Debug|Any CPU.ActiveCfg = Debug|Any CPU
		{F530ED2B-087A-4030-8547-7F37BD155C87}.Debug|Any CPU.Build.0 = Debug|Any CPU
		{F530ED2B-087A-4030-8547-7F37BD155C87}.Release|Any CPU.ActiveCfg = Release|Any CPU
		{F530ED2B-087A-4030-8547-7F37BD155C87}.Release|Any CPU.Build.0 = Release|Any CPU
	EndGlobalSection
	GlobalSection(SolutionProperties) = preSolution
		HideSolutionNode = FALSE
	EndGlobalSection
	GlobalSection(ExtensibilityGlobals) = postSolution
		SolutionGuid = {661EEEAE-70AF-419A-9F69-902795E77385}
	EndGlobalSection
EndGlobal
